// !$*UTF8*$!
{
	archiveVersion = 1;
	classes = {
	};
	objectVersion = 46;
	objects = {

/* Begin PBXBuildFile section */
		37C724F9F45D4275A4F10097 /* libPods.a in Frameworks */ = {isa = PBXBuildFile; fileRef = 548B2CFFD32E415181767B53 /* libPods.a */; };
		4903245D1890650A00FD9828 /* AddressBook.framework in Frameworks */ = {isa = PBXBuildFile; fileRef = 4903245B1890650A00FD9828 /* AddressBook.framework */; };
		4903245E1890650A00FD9828 /* AddressBookUI.framework in Frameworks */ = {isa = PBXBuildFile; fileRef = 4903245C1890650A00FD9828 /* AddressBookUI.framework */; };
		49196B8D189AED8D007DCBD9 /* VIPStoryBoard.storyboard in Resources */ = {isa = PBXBuildFile; fileRef = 49196B8F189AED8D007DCBD9 /* VIPStoryBoard.storyboard */; };
		491BEA21189C0C0C00FCB21D /* Candidate.m in Sources */ = {isa = PBXBuildFile; fileRef = 491BEA20189C0C0C00FCB21D /* Candidate.m */; };
		491BEA24189C0C0D00FCB21D /* Election.m in Sources */ = {isa = PBXBuildFile; fileRef = 491BEA23189C0C0D00FCB21D /* Election.m */; };
		491BEA27189C0C0D00FCB21D /* Contest.m in Sources */ = {isa = PBXBuildFile; fileRef = 491BEA26189C0C0D00FCB21D /* Contest.m */; };
		491BEA2A189C0C0D00FCB21D /* ElectionOfficial.m in Sources */ = {isa = PBXBuildFile; fileRef = 491BEA29189C0C0D00FCB21D /* ElectionOfficial.m */; };
		491BEA2D189C0C0D00FCB21D /* State.m in Sources */ = {isa = PBXBuildFile; fileRef = 491BEA2C189C0C0D00FCB21D /* State.m */; };
		491BEA30189C0C0D00FCB21D /* PollingLocation.m in Sources */ = {isa = PBXBuildFile; fileRef = 491BEA2F189C0C0D00FCB21D /* PollingLocation.m */; };
		491BEA33189C0C0D00FCB21D /* District.m in Sources */ = {isa = PBXBuildFile; fileRef = 491BEA32189C0C0D00FCB21D /* District.m */; };
		491BEA36189C0C0E00FCB21D /* ElectionAdministrationBody.m in Sources */ = {isa = PBXBuildFile; fileRef = 491BEA35189C0C0E00FCB21D /* ElectionAdministrationBody.m */; };
		491BEA39189C0C0E00FCB21D /* DataSource.m in Sources */ = {isa = PBXBuildFile; fileRef = 491BEA38189C0C0E00FCB21D /* DataSource.m */; };
		491BEA42189C588D00FCB21D /* Election+API.m in Sources */ = {isa = PBXBuildFile; fileRef = 491BEA41189C588D00FCB21D /* Election+API.m */; };
		491EE5AF188EE0600018A060 /* settings.plist in Resources */ = {isa = PBXBuildFile; fileRef = 491EE5AE188EE0600018A060 /* settings.plist */; };
		49273490188DE80000B25554 /* elections.json in Resources */ = {isa = PBXBuildFile; fileRef = 4927348F188DE80000B25554 /* elections.json */; };
		494133FF188F137D006F7D0F /* FindElectionsViewControllerTests.m in Sources */ = {isa = PBXBuildFile; fileRef = 494133FE188F137D006F7D0F /* FindElectionsViewControllerTests.m */; };
		4960FE301891B72C00E734AF /* ContactsSearchViewControllerTests.m in Sources */ = {isa = PBXBuildFile; fileRef = 4960FE2F1891B72B00E734AF /* ContactsSearchViewControllerTests.m */; };
		498225E0189AEADC00FB8FC4 /* Localizable.strings in Resources */ = {isa = PBXBuildFile; fileRef = 498225E2189AEADC00FB8FC4 /* Localizable.strings */; };
		49A57AF918A0001F00C5E889 /* CoreDataModelTests.m in Sources */ = {isa = PBXBuildFile; fileRef = 49A57AF818A0001F00C5E889 /* CoreDataModelTests.m */; };
		49A57B0218A0254C00C5E889 /* UserAddress+API.m in Sources */ = {isa = PBXBuildFile; fileRef = 49A57B0118A0254C00C5E889 /* UserAddress+API.m */; };
		49A57B0518A02F7F00C5E889 /* UserAddress.m in Sources */ = {isa = PBXBuildFile; fileRef = 49A57B0418A02F7F00C5E889 /* UserAddress.m */; };
		49A57B0B18A08E9200C5E889 /* PollingLocation+API.m in Sources */ = {isa = PBXBuildFile; fileRef = 49A57B0A18A08E9200C5E889 /* PollingLocation+API.m */; };
		49DD457118A1713F003374A3 /* DataSource+API.m in Sources */ = {isa = PBXBuildFile; fileRef = 49DD457018A1713F003374A3 /* DataSource+API.m */; };
		49E981481892F7F700E26C5D /* ContactsSearchViewController.m in Sources */ = {isa = PBXBuildFile; fileRef = 49E981431892F7F700E26C5D /* ContactsSearchViewController.m */; };
		49E981491892F7F700E26C5D /* FindElectionsViewController.m in Sources */ = {isa = PBXBuildFile; fileRef = 49E981451892F7F700E26C5D /* FindElectionsViewController.m */; };
		49E9814A1892F7F700E26C5D /* NearbyPollingViewController.m in Sources */ = {isa = PBXBuildFile; fileRef = 49E981471892F7F700E26C5D /* NearbyPollingViewController.m */; };
		49E981531892F81600E26C5D /* FindElectionsCell.m in Sources */ = {isa = PBXBuildFile; fileRef = 49E9814F1892F81600E26C5D /* FindElectionsCell.m */; };
		53D3A7871889A05B00920A70 /* Foundation.framework in Frameworks */ = {isa = PBXBuildFile; fileRef = 53D3A7861889A05B00920A70 /* Foundation.framework */; };
		53D3A7891889A05B00920A70 /* CoreGraphics.framework in Frameworks */ = {isa = PBXBuildFile; fileRef = 53D3A7881889A05B00920A70 /* CoreGraphics.framework */; };
		53D3A78B1889A05B00920A70 /* UIKit.framework in Frameworks */ = {isa = PBXBuildFile; fileRef = 53D3A78A1889A05B00920A70 /* UIKit.framework */; };
		53D3A78D1889A05B00920A70 /* CoreData.framework in Frameworks */ = {isa = PBXBuildFile; fileRef = 53D3A78C1889A05B00920A70 /* CoreData.framework */; };
		53D3A7931889A05B00920A70 /* InfoPlist.strings in Resources */ = {isa = PBXBuildFile; fileRef = 53D3A7911889A05B00920A70 /* InfoPlist.strings */; };
		53D3A7951889A05B00920A70 /* main.m in Sources */ = {isa = PBXBuildFile; fileRef = 53D3A7941889A05B00920A70 /* main.m */; };
		53D3A7991889A05B00920A70 /* AppDelegate.m in Sources */ = {isa = PBXBuildFile; fileRef = 53D3A7981889A05B00920A70 /* AppDelegate.m */; };
		53D3A79C1889A05B00920A70 /* VotingInformationProject.xcdatamodeld in Sources */ = {isa = PBXBuildFile; fileRef = 53D3A79A1889A05B00920A70 /* VotingInformationProject.xcdatamodeld */; };
		53D3A79E1889A05B00920A70 /* Images.xcassets in Resources */ = {isa = PBXBuildFile; fileRef = 53D3A79D1889A05B00920A70 /* Images.xcassets */; };
		53D3A7A51889A05B00920A70 /* XCTest.framework in Frameworks */ = {isa = PBXBuildFile; fileRef = 53D3A7A41889A05B00920A70 /* XCTest.framework */; };
		53D3A7A61889A05B00920A70 /* Foundation.framework in Frameworks */ = {isa = PBXBuildFile; fileRef = 53D3A7861889A05B00920A70 /* Foundation.framework */; };
		53D3A7A71889A05B00920A70 /* UIKit.framework in Frameworks */ = {isa = PBXBuildFile; fileRef = 53D3A78A1889A05B00920A70 /* UIKit.framework */; };
		53D3A7A81889A05B00920A70 /* CoreData.framework in Frameworks */ = {isa = PBXBuildFile; fileRef = 53D3A78C1889A05B00920A70 /* CoreData.framework */; };
		53D3A7B01889A05B00920A70 /* InfoPlist.strings in Resources */ = {isa = PBXBuildFile; fileRef = 53D3A7AE1889A05B00920A70 /* InfoPlist.strings */; };
		53D3A7B21889A05B00920A70 /* VotingInformationProjectTests.m in Sources */ = {isa = PBXBuildFile; fileRef = 53D3A7B11889A05B00920A70 /* VotingInformationProjectTests.m */; };
		9DD78D93039F4A87BC8E023B /* libPods-VotingInformationProjectTests.a in Frameworks */ = {isa = PBXBuildFile; fileRef = EF4987FA570B47C7AABCBCC9 /* libPods-VotingInformationProjectTests.a */; };
/* End PBXBuildFile section */

/* Begin PBXContainerItemProxy section */
		53D3A7A91889A05B00920A70 /* PBXContainerItemProxy */ = {
			isa = PBXContainerItemProxy;
			containerPortal = 53D3A77B1889A05B00920A70 /* Project object */;
			proxyType = 1;
			remoteGlobalIDString = 53D3A7821889A05B00920A70;
			remoteInfo = VotingInformationProject;
		};
/* End PBXContainerItemProxy section */

/* Begin PBXFileReference section */
		1AF4C57983EC49409AF897E4 /* Pods.xcconfig */ = {isa = PBXFileReference; includeInIndex = 1; lastKnownFileType = text.xcconfig; name = Pods.xcconfig; path = Pods/Pods.xcconfig; sourceTree = "<group>"; };
		2D641A22ED5044C8BE72A960 /* Pods-VotingInformationProjectTests.xcconfig */ = {isa = PBXFileReference; includeInIndex = 1; lastKnownFileType = text.xcconfig; name = "Pods-VotingInformationProjectTests.xcconfig"; path = "Pods/Pods-VotingInformationProjectTests.xcconfig"; sourceTree = "<group>"; };
		4903245B1890650A00FD9828 /* AddressBook.framework */ = {isa = PBXFileReference; lastKnownFileType = wrapper.framework; name = AddressBook.framework; path = System/Library/Frameworks/AddressBook.framework; sourceTree = SDKROOT; };
		4903245C1890650A00FD9828 /* AddressBookUI.framework */ = {isa = PBXFileReference; lastKnownFileType = wrapper.framework; name = AddressBookUI.framework; path = System/Library/Frameworks/AddressBookUI.framework; sourceTree = SDKROOT; };
		49196B90189AED9D007DCBD9 /* Base */ = {isa = PBXFileReference; lastKnownFileType = file.storyboard; name = Base; path = Base.lproj/VIPStoryBoard.storyboard; sourceTree = "<group>"; };
		49196B93189AEE33007DCBD9 /* es */ = {isa = PBXFileReference; lastKnownFileType = text.plist.strings; name = es; path = es.lproj/VIPStoryBoard.strings; sourceTree = "<group>"; };
		49196B94189AEE33007DCBD9 /* es */ = {isa = PBXFileReference; lastKnownFileType = text.plist.strings; name = es; path = es.lproj/InfoPlist.strings; sourceTree = "<group>"; };
		49196B95189AEE33007DCBD9 /* es */ = {isa = PBXFileReference; lastKnownFileType = text.plist.strings; name = es; path = es.lproj/Localizable.strings; sourceTree = "<group>"; };
		49196B96189AEE33007DCBD9 /* es */ = {isa = PBXFileReference; lastKnownFileType = text.plist.strings; name = es; path = es.lproj/InfoPlist.strings; sourceTree = "<group>"; };
		491BEA1F189C0C0C00FCB21D /* Candidate.h */ = {isa = PBXFileReference; fileEncoding = 4; lastKnownFileType = sourcecode.c.h; name = Candidate.h; path = CoreDataModels/Candidate.h; sourceTree = "<group>"; };
		491BEA20189C0C0C00FCB21D /* Candidate.m */ = {isa = PBXFileReference; fileEncoding = 4; lastKnownFileType = sourcecode.c.objc; name = Candidate.m; path = CoreDataModels/Candidate.m; sourceTree = "<group>"; };
		491BEA22189C0C0D00FCB21D /* Election.h */ = {isa = PBXFileReference; fileEncoding = 4; lastKnownFileType = sourcecode.c.h; name = Election.h; path = CoreDataModels/Election.h; sourceTree = "<group>"; };
		491BEA23189C0C0D00FCB21D /* Election.m */ = {isa = PBXFileReference; fileEncoding = 4; lastKnownFileType = sourcecode.c.objc; name = Election.m; path = CoreDataModels/Election.m; sourceTree = "<group>"; };
		491BEA25189C0C0D00FCB21D /* Contest.h */ = {isa = PBXFileReference; fileEncoding = 4; lastKnownFileType = sourcecode.c.h; name = Contest.h; path = CoreDataModels/Contest.h; sourceTree = "<group>"; };
		491BEA26189C0C0D00FCB21D /* Contest.m */ = {isa = PBXFileReference; fileEncoding = 4; lastKnownFileType = sourcecode.c.objc; name = Contest.m; path = CoreDataModels/Contest.m; sourceTree = "<group>"; };
		491BEA28189C0C0D00FCB21D /* ElectionOfficial.h */ = {isa = PBXFileReference; fileEncoding = 4; lastKnownFileType = sourcecode.c.h; name = ElectionOfficial.h; path = CoreDataModels/ElectionOfficial.h; sourceTree = "<group>"; };
		491BEA29189C0C0D00FCB21D /* ElectionOfficial.m */ = {isa = PBXFileReference; fileEncoding = 4; lastKnownFileType = sourcecode.c.objc; name = ElectionOfficial.m; path = CoreDataModels/ElectionOfficial.m; sourceTree = "<group>"; };
		491BEA2B189C0C0D00FCB21D /* State.h */ = {isa = PBXFileReference; fileEncoding = 4; lastKnownFileType = sourcecode.c.h; name = State.h; path = CoreDataModels/State.h; sourceTree = "<group>"; };
		491BEA2C189C0C0D00FCB21D /* State.m */ = {isa = PBXFileReference; fileEncoding = 4; lastKnownFileType = sourcecode.c.objc; name = State.m; path = CoreDataModels/State.m; sourceTree = "<group>"; };
		491BEA2E189C0C0D00FCB21D /* PollingLocation.h */ = {isa = PBXFileReference; fileEncoding = 4; lastKnownFileType = sourcecode.c.h; name = PollingLocation.h; path = CoreDataModels/PollingLocation.h; sourceTree = "<group>"; };
		491BEA2F189C0C0D00FCB21D /* PollingLocation.m */ = {isa = PBXFileReference; fileEncoding = 4; lastKnownFileType = sourcecode.c.objc; name = PollingLocation.m; path = CoreDataModels/PollingLocation.m; sourceTree = "<group>"; };
		491BEA31189C0C0D00FCB21D /* District.h */ = {isa = PBXFileReference; fileEncoding = 4; lastKnownFileType = sourcecode.c.h; name = District.h; path = CoreDataModels/District.h; sourceTree = "<group>"; };
		491BEA32189C0C0D00FCB21D /* District.m */ = {isa = PBXFileReference; fileEncoding = 4; lastKnownFileType = sourcecode.c.objc; name = District.m; path = CoreDataModels/District.m; sourceTree = "<group>"; };
		491BEA34189C0C0E00FCB21D /* ElectionAdministrationBody.h */ = {isa = PBXFileReference; fileEncoding = 4; lastKnownFileType = sourcecode.c.h; name = ElectionAdministrationBody.h; path = CoreDataModels/ElectionAdministrationBody.h; sourceTree = "<group>"; };
		491BEA35189C0C0E00FCB21D /* ElectionAdministrationBody.m */ = {isa = PBXFileReference; fileEncoding = 4; lastKnownFileType = sourcecode.c.objc; name = ElectionAdministrationBody.m; path = CoreDataModels/ElectionAdministrationBody.m; sourceTree = "<group>"; };
		491BEA37189C0C0E00FCB21D /* DataSource.h */ = {isa = PBXFileReference; fileEncoding = 4; lastKnownFileType = sourcecode.c.h; name = DataSource.h; path = CoreDataModels/DataSource.h; sourceTree = "<group>"; };
		491BEA38189C0C0E00FCB21D /* DataSource.m */ = {isa = PBXFileReference; fileEncoding = 4; lastKnownFileType = sourcecode.c.objc; name = DataSource.m; path = CoreDataModels/DataSource.m; sourceTree = "<group>"; };
		491BEA40189C588D00FCB21D /* Election+API.h */ = {isa = PBXFileReference; fileEncoding = 4; lastKnownFileType = sourcecode.c.h; name = "Election+API.h"; path = "CoreDataModels/Election+API.h"; sourceTree = "<group>"; };
		491BEA41189C588D00FCB21D /* Election+API.m */ = {isa = PBXFileReference; fileEncoding = 4; lastKnownFileType = sourcecode.c.objc; name = "Election+API.m"; path = "CoreDataModels/Election+API.m"; sourceTree = "<group>"; };
		491EE5AE188EE0600018A060 /* settings.plist */ = {isa = PBXFileReference; fileEncoding = 4; lastKnownFileType = text.plist.xml; path = settings.plist; sourceTree = "<group>"; };
		4927348F188DE80000B25554 /* elections.json */ = {isa = PBXFileReference; fileEncoding = 4; lastKnownFileType = text.json; path = elections.json; sourceTree = "<group>"; };
		494133FE188F137D006F7D0F /* FindElectionsViewControllerTests.m */ = {isa = PBXFileReference; fileEncoding = 4; lastKnownFileType = sourcecode.c.objc; path = FindElectionsViewControllerTests.m; sourceTree = "<group>"; };
		4960FE2F1891B72B00E734AF /* ContactsSearchViewControllerTests.m */ = {isa = PBXFileReference; fileEncoding = 4; lastKnownFileType = sourcecode.c.objc; path = ContactsSearchViewControllerTests.m; sourceTree = "<group>"; };
		498225E1189AEADC00FB8FC4 /* en */ = {isa = PBXFileReference; lastKnownFileType = text.plist.strings; name = en; path = en.lproj/Localizable.strings; sourceTree = "<group>"; };
		49A57AF818A0001F00C5E889 /* CoreDataModelTests.m */ = {isa = PBXFileReference; fileEncoding = 4; lastKnownFileType = sourcecode.c.objc; path = CoreDataModelTests.m; sourceTree = "<group>"; };
		49A57B0018A0254C00C5E889 /* UserAddress+API.h */ = {isa = PBXFileReference; fileEncoding = 4; lastKnownFileType = sourcecode.c.h; name = "UserAddress+API.h"; path = "CoreDataModels/UserAddress+API.h"; sourceTree = "<group>"; };
		49A57B0118A0254C00C5E889 /* UserAddress+API.m */ = {isa = PBXFileReference; fileEncoding = 4; lastKnownFileType = sourcecode.c.objc; name = "UserAddress+API.m"; path = "CoreDataModels/UserAddress+API.m"; sourceTree = "<group>"; };
		49A57B0318A02F7F00C5E889 /* UserAddress.h */ = {isa = PBXFileReference; fileEncoding = 4; lastKnownFileType = sourcecode.c.h; name = UserAddress.h; path = CoreDataModels/UserAddress.h; sourceTree = "<group>"; };
		49A57B0418A02F7F00C5E889 /* UserAddress.m */ = {isa = PBXFileReference; fileEncoding = 4; lastKnownFileType = sourcecode.c.objc; name = UserAddress.m; path = CoreDataModels/UserAddress.m; sourceTree = "<group>"; };
		49A57B0918A08E9200C5E889 /* PollingLocation+API.h */ = {isa = PBXFileReference; fileEncoding = 4; lastKnownFileType = sourcecode.c.h; name = "PollingLocation+API.h"; path = "CoreDataModels/PollingLocation+API.h"; sourceTree = "<group>"; };
		49A57B0A18A08E9200C5E889 /* PollingLocation+API.m */ = {isa = PBXFileReference; fileEncoding = 4; lastKnownFileType = sourcecode.c.objc; name = "PollingLocation+API.m"; path = "CoreDataModels/PollingLocation+API.m"; sourceTree = "<group>"; };
		49DD456F18A1713F003374A3 /* DataSource+API.h */ = {isa = PBXFileReference; fileEncoding = 4; lastKnownFileType = sourcecode.c.h; name = "DataSource+API.h"; path = "CoreDataModels/DataSource+API.h"; sourceTree = "<group>"; };
		49DD457018A1713F003374A3 /* DataSource+API.m */ = {isa = PBXFileReference; fileEncoding = 4; lastKnownFileType = sourcecode.c.objc; name = "DataSource+API.m"; path = "CoreDataModels/DataSource+API.m"; sourceTree = "<group>"; };
		49E981421892F7F700E26C5D /* ContactsSearchViewController.h */ = {isa = PBXFileReference; fileEncoding = 4; lastKnownFileType = sourcecode.c.h; path = ContactsSearchViewController.h; sourceTree = "<group>"; };
		49E981431892F7F700E26C5D /* ContactsSearchViewController.m */ = {isa = PBXFileReference; fileEncoding = 4; lastKnownFileType = sourcecode.c.objc; path = ContactsSearchViewController.m; sourceTree = "<group>"; };
		49E981441892F7F700E26C5D /* FindElectionsViewController.h */ = {isa = PBXFileReference; fileEncoding = 4; lastKnownFileType = sourcecode.c.h; path = FindElectionsViewController.h; sourceTree = "<group>"; };
		49E981451892F7F700E26C5D /* FindElectionsViewController.m */ = {isa = PBXFileReference; fileEncoding = 4; lastKnownFileType = sourcecode.c.objc; path = FindElectionsViewController.m; sourceTree = "<group>"; };
		49E981461892F7F700E26C5D /* NearbyPollingViewController.h */ = {isa = PBXFileReference; fileEncoding = 4; lastKnownFileType = sourcecode.c.h; path = NearbyPollingViewController.h; sourceTree = "<group>"; };
		49E981471892F7F700E26C5D /* NearbyPollingViewController.m */ = {isa = PBXFileReference; fileEncoding = 4; lastKnownFileType = sourcecode.c.objc; path = NearbyPollingViewController.m; sourceTree = "<group>"; };
		49E9814E1892F81600E26C5D /* FindElectionsCell.h */ = {isa = PBXFileReference; fileEncoding = 4; lastKnownFileType = sourcecode.c.h; path = FindElectionsCell.h; sourceTree = "<group>"; };
		49E9814F1892F81600E26C5D /* FindElectionsCell.m */ = {isa = PBXFileReference; fileEncoding = 4; lastKnownFileType = sourcecode.c.objc; path = FindElectionsCell.m; sourceTree = "<group>"; };
		49E981501892F81600E26C5D /* VIPUserDefaultsKeys.h */ = {isa = PBXFileReference; fileEncoding = 4; lastKnownFileType = sourcecode.c.h; path = VIPUserDefaultsKeys.h; sourceTree = "<group>"; };
		53D3A7831889A05B00920A70 /* VotingInformationProject.app */ = {isa = PBXFileReference; explicitFileType = wrapper.application; includeInIndex = 0; path = VotingInformationProject.app; sourceTree = BUILT_PRODUCTS_DIR; };
		53D3A7861889A05B00920A70 /* Foundation.framework */ = {isa = PBXFileReference; lastKnownFileType = wrapper.framework; name = Foundation.framework; path = System/Library/Frameworks/Foundation.framework; sourceTree = SDKROOT; };
		53D3A7881889A05B00920A70 /* CoreGraphics.framework */ = {isa = PBXFileReference; lastKnownFileType = wrapper.framework; name = CoreGraphics.framework; path = System/Library/Frameworks/CoreGraphics.framework; sourceTree = SDKROOT; };
		53D3A78A1889A05B00920A70 /* UIKit.framework */ = {isa = PBXFileReference; lastKnownFileType = wrapper.framework; name = UIKit.framework; path = System/Library/Frameworks/UIKit.framework; sourceTree = SDKROOT; };
		53D3A78C1889A05B00920A70 /* CoreData.framework */ = {isa = PBXFileReference; lastKnownFileType = wrapper.framework; name = CoreData.framework; path = System/Library/Frameworks/CoreData.framework; sourceTree = SDKROOT; };
		53D3A7901889A05B00920A70 /* VotingInformationProject-Info.plist */ = {isa = PBXFileReference; lastKnownFileType = text.plist.xml; path = "VotingInformationProject-Info.plist"; sourceTree = "<group>"; };
		53D3A7921889A05B00920A70 /* en */ = {isa = PBXFileReference; lastKnownFileType = text.plist.strings; name = en; path = en.lproj/InfoPlist.strings; sourceTree = "<group>"; };
		53D3A7941889A05B00920A70 /* main.m */ = {isa = PBXFileReference; lastKnownFileType = sourcecode.c.objc; path = main.m; sourceTree = "<group>"; };
		53D3A7961889A05B00920A70 /* VotingInformationProject-Prefix.pch */ = {isa = PBXFileReference; lastKnownFileType = sourcecode.c.h; path = "VotingInformationProject-Prefix.pch"; sourceTree = "<group>"; };
		53D3A7971889A05B00920A70 /* AppDelegate.h */ = {isa = PBXFileReference; lastKnownFileType = sourcecode.c.h; path = AppDelegate.h; sourceTree = "<group>"; };
		53D3A7981889A05B00920A70 /* AppDelegate.m */ = {isa = PBXFileReference; lastKnownFileType = sourcecode.c.objc; path = AppDelegate.m; sourceTree = "<group>"; };
		53D3A79B1889A05B00920A70 /* VotingInformationProject.xcdatamodel */ = {isa = PBXFileReference; lastKnownFileType = wrapper.xcdatamodel; path = VotingInformationProject.xcdatamodel; sourceTree = "<group>"; };
		53D3A79D1889A05B00920A70 /* Images.xcassets */ = {isa = PBXFileReference; lastKnownFileType = folder.assetcatalog; path = Images.xcassets; sourceTree = "<group>"; };
		53D3A7A31889A05B00920A70 /* VotingInformationProjectTests.xctest */ = {isa = PBXFileReference; explicitFileType = wrapper.cfbundle; includeInIndex = 0; path = VotingInformationProjectTests.xctest; sourceTree = BUILT_PRODUCTS_DIR; };
		53D3A7A41889A05B00920A70 /* XCTest.framework */ = {isa = PBXFileReference; lastKnownFileType = wrapper.framework; name = XCTest.framework; path = Library/Frameworks/XCTest.framework; sourceTree = DEVELOPER_DIR; };
		53D3A7AD1889A05B00920A70 /* VotingInformationProjectTests-Info.plist */ = {isa = PBXFileReference; lastKnownFileType = text.plist.xml; path = "VotingInformationProjectTests-Info.plist"; sourceTree = "<group>"; };
		53D3A7AF1889A05B00920A70 /* en */ = {isa = PBXFileReference; lastKnownFileType = text.plist.strings; name = en; path = en.lproj/InfoPlist.strings; sourceTree = "<group>"; };
		53D3A7B11889A05B00920A70 /* VotingInformationProjectTests.m */ = {isa = PBXFileReference; lastKnownFileType = sourcecode.c.objc; path = VotingInformationProjectTests.m; sourceTree = "<group>"; };
		548B2CFFD32E415181767B53 /* libPods.a */ = {isa = PBXFileReference; explicitFileType = archive.ar; includeInIndex = 0; path = libPods.a; sourceTree = BUILT_PRODUCTS_DIR; };
		EF4987FA570B47C7AABCBCC9 /* libPods-VotingInformationProjectTests.a */ = {isa = PBXFileReference; explicitFileType = archive.ar; includeInIndex = 0; path = "libPods-VotingInformationProjectTests.a"; sourceTree = BUILT_PRODUCTS_DIR; };
/* End PBXFileReference section */

/* Begin PBXFrameworksBuildPhase section */
		53D3A7801889A05B00920A70 /* Frameworks */ = {
			isa = PBXFrameworksBuildPhase;
			buildActionMask = 2147483647;
			files = (
				4903245D1890650A00FD9828 /* AddressBook.framework in Frameworks */,
				4903245E1890650A00FD9828 /* AddressBookUI.framework in Frameworks */,
				53D3A7891889A05B00920A70 /* CoreGraphics.framework in Frameworks */,
				53D3A78D1889A05B00920A70 /* CoreData.framework in Frameworks */,
				53D3A78B1889A05B00920A70 /* UIKit.framework in Frameworks */,
				53D3A7871889A05B00920A70 /* Foundation.framework in Frameworks */,
				37C724F9F45D4275A4F10097 /* libPods.a in Frameworks */,
			);
			runOnlyForDeploymentPostprocessing = 0;
		};
		53D3A7A01889A05B00920A70 /* Frameworks */ = {
			isa = PBXFrameworksBuildPhase;
			buildActionMask = 2147483647;
			files = (
				53D3A7A51889A05B00920A70 /* XCTest.framework in Frameworks */,
				53D3A7A81889A05B00920A70 /* CoreData.framework in Frameworks */,
				53D3A7A71889A05B00920A70 /* UIKit.framework in Frameworks */,
				53D3A7A61889A05B00920A70 /* Foundation.framework in Frameworks */,
				9DD78D93039F4A87BC8E023B /* libPods-VotingInformationProjectTests.a in Frameworks */,
			);
			runOnlyForDeploymentPostprocessing = 0;
		};
/* End PBXFrameworksBuildPhase section */

/* Begin PBXGroup section */
		491BEA03189C0B5F00FCB21D /* CoreDataModels */ = {
			isa = PBXGroup;
			children = (
				491BEA1F189C0C0C00FCB21D /* Candidate.h */,
				491BEA20189C0C0C00FCB21D /* Candidate.m */,
				491BEA25189C0C0D00FCB21D /* Contest.h */,
				491BEA26189C0C0D00FCB21D /* Contest.m */,
				491BEA37189C0C0E00FCB21D /* DataSource.h */,
				491BEA38189C0C0E00FCB21D /* DataSource.m */,
				491BEA31189C0C0D00FCB21D /* District.h */,
				491BEA32189C0C0D00FCB21D /* District.m */,
				491BEA22189C0C0D00FCB21D /* Election.h */,
				491BEA23189C0C0D00FCB21D /* Election.m */,
				491BEA34189C0C0E00FCB21D /* ElectionAdministrationBody.h */,
				491BEA35189C0C0E00FCB21D /* ElectionAdministrationBody.m */,
				491BEA28189C0C0D00FCB21D /* ElectionOfficial.h */,
				491BEA29189C0C0D00FCB21D /* ElectionOfficial.m */,
				491BEA2E189C0C0D00FCB21D /* PollingLocation.h */,
				491BEA2F189C0C0D00FCB21D /* PollingLocation.m */,
				491BEA2B189C0C0D00FCB21D /* State.h */,
				491BEA2C189C0C0D00FCB21D /* State.m */,
				49A57B0318A02F7F00C5E889 /* UserAddress.h */,
				49A57B0418A02F7F00C5E889 /* UserAddress.m */,
			);
			name = CoreDataModels;
			sourceTree = "<group>";
		};
		49273491188DE8DA00B25554 /* Resources */ = {
			isa = PBXGroup;
			children = (
				498225E2189AEADC00FB8FC4 /* Localizable.strings */,
				491EE5AE188EE0600018A060 /* settings.plist */,
				4927348F188DE80000B25554 /* elections.json */,
			);
			name = Resources;
			sourceTree = "<group>";
		};
		49DD457218A17146003374A3 /* CoreDataModelsAPI */ = {
			isa = PBXGroup;
			children = (
				49DD456F18A1713F003374A3 /* DataSource+API.h */,
				49DD457018A1713F003374A3 /* DataSource+API.m */,
				491BEA40189C588D00FCB21D /* Election+API.h */,
				491BEA41189C588D00FCB21D /* Election+API.m */,
				49A57B0918A08E9200C5E889 /* PollingLocation+API.h */,
				49A57B0A18A08E9200C5E889 /* PollingLocation+API.m */,
				49A57B0018A0254C00C5E889 /* UserAddress+API.h */,
				49A57B0118A0254C00C5E889 /* UserAddress+API.m */,
			);
			name = CoreDataModelsAPI;
			sourceTree = "<group>";
		};
		49E981411892F7F700E26C5D /* Controllers */ = {
			isa = PBXGroup;
			children = (
				49E981421892F7F700E26C5D /* ContactsSearchViewController.h */,
				49E981431892F7F700E26C5D /* ContactsSearchViewController.m */,
				49E981441892F7F700E26C5D /* FindElectionsViewController.h */,
				49E981451892F7F700E26C5D /* FindElectionsViewController.m */,
				49E981461892F7F700E26C5D /* NearbyPollingViewController.h */,
				49E981471892F7F700E26C5D /* NearbyPollingViewController.m */,
			);
			path = Controllers;
			sourceTree = "<group>";
		};
		49E9814B1892F81600E26C5D /* Models */ = {
			isa = PBXGroup;
			children = (
				49E9814E1892F81600E26C5D /* FindElectionsCell.h */,
				49E9814F1892F81600E26C5D /* FindElectionsCell.m */,
				49E981501892F81600E26C5D /* VIPUserDefaultsKeys.h */,
			);
			path = Models;
			sourceTree = "<group>";
		};
		53D3A77A1889A05B00920A70 = {
			isa = PBXGroup;
			children = (
				53D3A78E1889A05B00920A70 /* VotingInformationProject */,
				53D3A7AB1889A05B00920A70 /* VotingInformationProjectTests */,
				53D3A7851889A05B00920A70 /* Frameworks */,
				53D3A7841889A05B00920A70 /* Products */,
				1AF4C57983EC49409AF897E4 /* Pods.xcconfig */,
				2D641A22ED5044C8BE72A960 /* Pods-VotingInformationProjectTests.xcconfig */,
			);
			sourceTree = "<group>";
		};
		53D3A7841889A05B00920A70 /* Products */ = {
			isa = PBXGroup;
			children = (
				53D3A7831889A05B00920A70 /* VotingInformationProject.app */,
				53D3A7A31889A05B00920A70 /* VotingInformationProjectTests.xctest */,
			);
			name = Products;
			sourceTree = "<group>";
		};
		53D3A7851889A05B00920A70 /* Frameworks */ = {
			isa = PBXGroup;
			children = (
				4903245B1890650A00FD9828 /* AddressBook.framework */,
				4903245C1890650A00FD9828 /* AddressBookUI.framework */,
				53D3A7861889A05B00920A70 /* Foundation.framework */,
				53D3A7881889A05B00920A70 /* CoreGraphics.framework */,
				53D3A78A1889A05B00920A70 /* UIKit.framework */,
				53D3A78C1889A05B00920A70 /* CoreData.framework */,
				53D3A7A41889A05B00920A70 /* XCTest.framework */,
				548B2CFFD32E415181767B53 /* libPods.a */,
				EF4987FA570B47C7AABCBCC9 /* libPods-VotingInformationProjectTests.a */,
			);
			name = Frameworks;
			sourceTree = "<group>";
		};
		53D3A78E1889A05B00920A70 /* VotingInformationProject */ = {
			isa = PBXGroup;
			children = (
				49DD457218A17146003374A3 /* CoreDataModelsAPI */,
				491BEA03189C0B5F00FCB21D /* CoreDataModels */,
				49E981411892F7F700E26C5D /* Controllers */,
				49E9814B1892F81600E26C5D /* Models */,
				53D3A7971889A05B00920A70 /* AppDelegate.h */,
				53D3A7981889A05B00920A70 /* AppDelegate.m */,
				49196B8F189AED8D007DCBD9 /* VIPStoryBoard.storyboard */,
				53D3A79A1889A05B00920A70 /* VotingInformationProject.xcdatamodeld */,
				53D3A79D1889A05B00920A70 /* Images.xcassets */,
				53D3A78F1889A05B00920A70 /* Supporting Files */,
				49273491188DE8DA00B25554 /* Resources */,
			);
			path = VotingInformationProject;
			sourceTree = "<group>";
		};
		53D3A78F1889A05B00920A70 /* Supporting Files */ = {
			isa = PBXGroup;
			children = (
				53D3A7901889A05B00920A70 /* VotingInformationProject-Info.plist */,
				53D3A7911889A05B00920A70 /* InfoPlist.strings */,
				53D3A7941889A05B00920A70 /* main.m */,
				53D3A7961889A05B00920A70 /* VotingInformationProject-Prefix.pch */,
			);
			name = "Supporting Files";
			sourceTree = "<group>";
		};
		53D3A7AB1889A05B00920A70 /* VotingInformationProjectTests */ = {
			isa = PBXGroup;
			children = (
				49A57AF818A0001F00C5E889 /* CoreDataModelTests.m */,
				4960FE2F1891B72B00E734AF /* ContactsSearchViewControllerTests.m */,
				494133FE188F137D006F7D0F /* FindElectionsViewControllerTests.m */,
				53D3A7B11889A05B00920A70 /* VotingInformationProjectTests.m */,
				53D3A7AC1889A05B00920A70 /* Supporting Files */,
			);
			path = VotingInformationProjectTests;
			sourceTree = "<group>";
		};
		53D3A7AC1889A05B00920A70 /* Supporting Files */ = {
			isa = PBXGroup;
			children = (
				53D3A7AD1889A05B00920A70 /* VotingInformationProjectTests-Info.plist */,
				53D3A7AE1889A05B00920A70 /* InfoPlist.strings */,
			);
			name = "Supporting Files";
			sourceTree = "<group>";
		};
/* End PBXGroup section */

/* Begin PBXNativeTarget section */
		53D3A7821889A05B00920A70 /* VotingInformationProject */ = {
			isa = PBXNativeTarget;
			buildConfigurationList = 53D3A7B51889A05B00920A70 /* Build configuration list for PBXNativeTarget "VotingInformationProject" */;
			buildPhases = (
				33D2B89B7A4A4EBD8C746FC8 /* Check Pods Manifest.lock */,
				53D3A77F1889A05B00920A70 /* Sources */,
				53D3A7801889A05B00920A70 /* Frameworks */,
				53D3A7811889A05B00920A70 /* Resources */,
				A0CB2A31F74F4903BB61FBFA /* Copy Pods Resources */,
			);
			buildRules = (
			);
			dependencies = (
			);
			name = VotingInformationProject;
			productName = VotingInformationProject;
			productReference = 53D3A7831889A05B00920A70 /* VotingInformationProject.app */;
			productType = "com.apple.product-type.application";
		};
		53D3A7A21889A05B00920A70 /* VotingInformationProjectTests */ = {
			isa = PBXNativeTarget;
			buildConfigurationList = 53D3A7B81889A05B00920A70 /* Build configuration list for PBXNativeTarget "VotingInformationProjectTests" */;
			buildPhases = (
				F0ECAF3628FE4D6AB79B9B9D /* Check Pods Manifest.lock */,
				53D3A79F1889A05B00920A70 /* Sources */,
				53D3A7A01889A05B00920A70 /* Frameworks */,
				53D3A7A11889A05B00920A70 /* Resources */,
				9586831A4358476CBE146CA9 /* Copy Pods Resources */,
			);
			buildRules = (
			);
			dependencies = (
				53D3A7AA1889A05B00920A70 /* PBXTargetDependency */,
			);
			name = VotingInformationProjectTests;
			productName = VotingInformationProjectTests;
			productReference = 53D3A7A31889A05B00920A70 /* VotingInformationProjectTests.xctest */;
			productType = "com.apple.product-type.bundle.unit-test";
		};
/* End PBXNativeTarget section */

/* Begin PBXProject section */
		53D3A77B1889A05B00920A70 /* Project object */ = {
			isa = PBXProject;
			attributes = {
				LastUpgradeCheck = 0500;
				ORGANIZATIONNAME = "Bennet Huber";
				TargetAttributes = {
					53D3A7A21889A05B00920A70 = {
						TestTargetID = 53D3A7821889A05B00920A70;
					};
				};
			};
			buildConfigurationList = 53D3A77E1889A05B00920A70 /* Build configuration list for PBXProject "VotingInformationProject" */;
			compatibilityVersion = "Xcode 3.2";
			developmentRegion = English;
			hasScannedForEncodings = 0;
			knownRegions = (
				en,
				es,
				Base,
			);
			mainGroup = 53D3A77A1889A05B00920A70;
			productRefGroup = 53D3A7841889A05B00920A70 /* Products */;
			projectDirPath = "";
			projectRoot = "";
			targets = (
				53D3A7821889A05B00920A70 /* VotingInformationProject */,
				53D3A7A21889A05B00920A70 /* VotingInformationProjectTests */,
			);
		};
/* End PBXProject section */

/* Begin PBXResourcesBuildPhase section */
		53D3A7811889A05B00920A70 /* Resources */ = {
			isa = PBXResourcesBuildPhase;
			buildActionMask = 2147483647;
			files = (
				49273490188DE80000B25554 /* elections.json in Resources */,
				498225E0189AEADC00FB8FC4 /* Localizable.strings in Resources */,
				53D3A7931889A05B00920A70 /* InfoPlist.strings in Resources */,
				53D3A79E1889A05B00920A70 /* Images.xcassets in Resources */,
				49196B8D189AED8D007DCBD9 /* VIPStoryBoard.storyboard in Resources */,
				491EE5AF188EE0600018A060 /* settings.plist in Resources */,
			);
			runOnlyForDeploymentPostprocessing = 0;
		};
		53D3A7A11889A05B00920A70 /* Resources */ = {
			isa = PBXResourcesBuildPhase;
			buildActionMask = 2147483647;
			files = (
				53D3A7B01889A05B00920A70 /* InfoPlist.strings in Resources */,
			);
			runOnlyForDeploymentPostprocessing = 0;
		};
/* End PBXResourcesBuildPhase section */

/* Begin PBXShellScriptBuildPhase section */
		33D2B89B7A4A4EBD8C746FC8 /* Check Pods Manifest.lock */ = {
			isa = PBXShellScriptBuildPhase;
			buildActionMask = 2147483647;
			files = (
			);
			inputPaths = (
			);
			name = "Check Pods Manifest.lock";
			outputPaths = (
			);
			runOnlyForDeploymentPostprocessing = 0;
			shellPath = /bin/sh;
			shellScript = "diff \"${PODS_ROOT}/../Podfile.lock\" \"${PODS_ROOT}/Manifest.lock\" > /dev/null\nif [[ $? != 0 ]] ; then\n    cat << EOM\nerror: The sandbox is not in sync with the Podfile.lock. Run 'pod install' or update your CocoaPods installation.\nEOM\n    exit 1\nfi\n";
			showEnvVarsInLog = 0;
		};
		9586831A4358476CBE146CA9 /* Copy Pods Resources */ = {
			isa = PBXShellScriptBuildPhase;
			buildActionMask = 2147483647;
			files = (
			);
			inputPaths = (
			);
			name = "Copy Pods Resources";
			outputPaths = (
			);
			runOnlyForDeploymentPostprocessing = 0;
			shellPath = /bin/sh;
			shellScript = "\"${SRCROOT}/Pods/Pods-VotingInformationProjectTests-resources.sh\"\n";
			showEnvVarsInLog = 0;
		};
		A0CB2A31F74F4903BB61FBFA /* Copy Pods Resources */ = {
			isa = PBXShellScriptBuildPhase;
			buildActionMask = 2147483647;
			files = (
			);
			inputPaths = (
			);
			name = "Copy Pods Resources";
			outputPaths = (
			);
			runOnlyForDeploymentPostprocessing = 0;
			shellPath = /bin/sh;
			shellScript = "\"${SRCROOT}/Pods/Pods-resources.sh\"\n";
			showEnvVarsInLog = 0;
		};
		F0ECAF3628FE4D6AB79B9B9D /* Check Pods Manifest.lock */ = {
			isa = PBXShellScriptBuildPhase;
			buildActionMask = 2147483647;
			files = (
			);
			inputPaths = (
			);
			name = "Check Pods Manifest.lock";
			outputPaths = (
			);
			runOnlyForDeploymentPostprocessing = 0;
			shellPath = /bin/sh;
			shellScript = "diff \"${PODS_ROOT}/../Podfile.lock\" \"${PODS_ROOT}/Manifest.lock\" > /dev/null\nif [[ $? != 0 ]] ; then\n    cat << EOM\nerror: The sandbox is not in sync with the Podfile.lock. Run 'pod install' or update your CocoaPods installation.\nEOM\n    exit 1\nfi\n";
			showEnvVarsInLog = 0;
		};
/* End PBXShellScriptBuildPhase section */

/* Begin PBXSourcesBuildPhase section */
		53D3A77F1889A05B00920A70 /* Sources */ = {
			isa = PBXSourcesBuildPhase;
			buildActionMask = 2147483647;
			files = (
				491BEA36189C0C0E00FCB21D /* ElectionAdministrationBody.m in Sources */,
				491BEA2D189C0C0D00FCB21D /* State.m in Sources */,
				53D3A7991889A05B00920A70 /* AppDelegate.m in Sources */,
				49E981481892F7F700E26C5D /* ContactsSearchViewController.m in Sources */,
				49DD457118A1713F003374A3 /* DataSource+API.m in Sources */,
				49A57B0218A0254C00C5E889 /* UserAddress+API.m in Sources */,
				53D3A79C1889A05B00920A70 /* VotingInformationProject.xcdatamodeld in Sources */,
				491BEA24189C0C0D00FCB21D /* Election.m in Sources */,
				491BEA21189C0C0C00FCB21D /* Candidate.m in Sources */,
				491BEA39189C0C0E00FCB21D /* DataSource.m in Sources */,
				49E9814A1892F7F700E26C5D /* NearbyPollingViewController.m in Sources */,
				53D3A7951889A05B00920A70 /* main.m in Sources */,
				49E981531892F81600E26C5D /* FindElectionsCell.m in Sources */,
				491BEA33189C0C0D00FCB21D /* District.m in Sources */,
				49A57B0518A02F7F00C5E889 /* UserAddress.m in Sources */,
				491BEA2A189C0C0D00FCB21D /* ElectionOfficial.m in Sources */,
				49A57B0B18A08E9200C5E889 /* PollingLocation+API.m in Sources */,
				491BEA30189C0C0D00FCB21D /* PollingLocation.m in Sources */,
				49E981491892F7F700E26C5D /* FindElectionsViewController.m in Sources */,
				491BEA42189C588D00FCB21D /* Election+API.m in Sources */,
				491BEA27189C0C0D00FCB21D /* Contest.m in Sources */,
			);
			runOnlyForDeploymentPostprocessing = 0;
		};
		53D3A79F1889A05B00920A70 /* Sources */ = {
			isa = PBXSourcesBuildPhase;
			buildActionMask = 2147483647;
			files = (
				4960FE301891B72C00E734AF /* ContactsSearchViewControllerTests.m in Sources */,
				494133FF188F137D006F7D0F /* FindElectionsViewControllerTests.m in Sources */,
				49A57AF918A0001F00C5E889 /* CoreDataModelTests.m in Sources */,
				53D3A7B21889A05B00920A70 /* VotingInformationProjectTests.m in Sources */,
			);
			runOnlyForDeploymentPostprocessing = 0;
		};
/* End PBXSourcesBuildPhase section */

/* Begin PBXTargetDependency section */
		53D3A7AA1889A05B00920A70 /* PBXTargetDependency */ = {
			isa = PBXTargetDependency;
			target = 53D3A7821889A05B00920A70 /* VotingInformationProject */;
			targetProxy = 53D3A7A91889A05B00920A70 /* PBXContainerItemProxy */;
		};
/* End PBXTargetDependency section */

/* Begin PBXVariantGroup section */
		49196B8F189AED8D007DCBD9 /* VIPStoryBoard.storyboard */ = {
			isa = PBXVariantGroup;
			children = (
				49196B90189AED9D007DCBD9 /* Base */,
				49196B93189AEE33007DCBD9 /* es */,
			);
			name = VIPStoryBoard.storyboard;
			sourceTree = "<group>";
		};
		498225E2189AEADC00FB8FC4 /* Localizable.strings */ = {
			isa = PBXVariantGroup;
			children = (
				498225E1189AEADC00FB8FC4 /* en */,
				49196B95189AEE33007DCBD9 /* es */,
			);
			name = Localizable.strings;
			sourceTree = "<group>";
		};
		53D3A7911889A05B00920A70 /* InfoPlist.strings */ = {
			isa = PBXVariantGroup;
			children = (
				53D3A7921889A05B00920A70 /* en */,
				49196B94189AEE33007DCBD9 /* es */,
			);
			name = InfoPlist.strings;
			sourceTree = "<group>";
		};
		53D3A7AE1889A05B00920A70 /* InfoPlist.strings */ = {
			isa = PBXVariantGroup;
			children = (
				53D3A7AF1889A05B00920A70 /* en */,
				49196B96189AEE33007DCBD9 /* es */,
			);
			name = InfoPlist.strings;
			sourceTree = "<group>";
		};
/* End PBXVariantGroup section */

/* Begin XCBuildConfiguration section */
		53D3A7B31889A05B00920A70 /* Debug */ = {
			isa = XCBuildConfiguration;
			buildSettings = {
				ALWAYS_SEARCH_USER_PATHS = NO;
				ARCHS = "$(ARCHS_STANDARD_INCLUDING_64_BIT)";
				CLANG_CXX_LANGUAGE_STANDARD = "gnu++0x";
				CLANG_CXX_LIBRARY = "libc++";
				CLANG_ENABLE_MODULES = YES;
				CLANG_ENABLE_OBJC_ARC = YES;
				CLANG_WARN_BOOL_CONVERSION = YES;
				CLANG_WARN_CONSTANT_CONVERSION = YES;
				CLANG_WARN_DIRECT_OBJC_ISA_USAGE = YES_ERROR;
				CLANG_WARN_EMPTY_BODY = YES;
				CLANG_WARN_ENUM_CONVERSION = YES;
				CLANG_WARN_INT_CONVERSION = YES;
				CLANG_WARN_OBJC_ROOT_CLASS = YES_ERROR;
				CLANG_WARN__DUPLICATE_METHOD_MATCH = YES;
				"CODE_SIGN_IDENTITY[sdk=iphoneos*]" = "iPhone Developer";
				COPY_PHASE_STRIP = NO;
				GCC_C_LANGUAGE_STANDARD = gnu99;
				GCC_DYNAMIC_NO_PIC = NO;
				GCC_OPTIMIZATION_LEVEL = 0;
				GCC_PREPROCESSOR_DEFINITIONS = (
					"DEBUG=1",
					"$(inherited)",
				);
				GCC_SYMBOLS_PRIVATE_EXTERN = NO;
				GCC_WARN_64_TO_32_BIT_CONVERSION = YES;
				GCC_WARN_ABOUT_RETURN_TYPE = YES_ERROR;
				GCC_WARN_UNDECLARED_SELECTOR = YES;
				GCC_WARN_UNINITIALIZED_AUTOS = YES;
				GCC_WARN_UNUSED_FUNCTION = YES;
				GCC_WARN_UNUSED_VARIABLE = YES;
				IPHONEOS_DEPLOYMENT_TARGET = 7.0;
				ONLY_ACTIVE_ARCH = YES;
				SDKROOT = iphoneos;
			};
			name = Debug;
		};
		53D3A7B41889A05B00920A70 /* Release */ = {
			isa = XCBuildConfiguration;
			buildSettings = {
				ALWAYS_SEARCH_USER_PATHS = NO;
				ARCHS = "$(ARCHS_STANDARD_INCLUDING_64_BIT)";
				CLANG_CXX_LANGUAGE_STANDARD = "gnu++0x";
				CLANG_CXX_LIBRARY = "libc++";
				CLANG_ENABLE_MODULES = YES;
				CLANG_ENABLE_OBJC_ARC = YES;
				CLANG_WARN_BOOL_CONVERSION = YES;
				CLANG_WARN_CONSTANT_CONVERSION = YES;
				CLANG_WARN_DIRECT_OBJC_ISA_USAGE = YES_ERROR;
				CLANG_WARN_EMPTY_BODY = YES;
				CLANG_WARN_ENUM_CONVERSION = YES;
				CLANG_WARN_INT_CONVERSION = YES;
				CLANG_WARN_OBJC_ROOT_CLASS = YES_ERROR;
				CLANG_WARN__DUPLICATE_METHOD_MATCH = YES;
				"CODE_SIGN_IDENTITY[sdk=iphoneos*]" = "iPhone Developer";
				COPY_PHASE_STRIP = YES;
				ENABLE_NS_ASSERTIONS = NO;
				GCC_C_LANGUAGE_STANDARD = gnu99;
				GCC_WARN_64_TO_32_BIT_CONVERSION = YES;
				GCC_WARN_ABOUT_RETURN_TYPE = YES_ERROR;
				GCC_WARN_UNDECLARED_SELECTOR = YES;
				GCC_WARN_UNINITIALIZED_AUTOS = YES;
				GCC_WARN_UNUSED_FUNCTION = YES;
				GCC_WARN_UNUSED_VARIABLE = YES;
				IPHONEOS_DEPLOYMENT_TARGET = 7.0;
				SDKROOT = iphoneos;
				VALIDATE_PRODUCT = YES;
			};
			name = Release;
		};
		53D3A7B61889A05B00920A70 /* Debug */ = {
			isa = XCBuildConfiguration;
			baseConfigurationReference = 1AF4C57983EC49409AF897E4 /* Pods.xcconfig */;
			buildSettings = {
				ASSETCATALOG_COMPILER_APPICON_NAME = AppIcon;
				ASSETCATALOG_COMPILER_LAUNCHIMAGE_NAME = LaunchImage;
				GCC_PRECOMPILE_PREFIX_HEADER = YES;
				GCC_PREFIX_HEADER = "VotingInformationProject/VotingInformationProject-Prefix.pch";
				INFOPLIST_FILE = "VotingInformationProject/VotingInformationProject-Info.plist";
				PRODUCT_NAME = VotingInformationProject;
				WRAPPER_EXTENSION = app;
			};
			name = Debug;
		};
		53D3A7B71889A05B00920A70 /* Release */ = {
			isa = XCBuildConfiguration;
			baseConfigurationReference = 1AF4C57983EC49409AF897E4 /* Pods.xcconfig */;
			buildSettings = {
				ASSETCATALOG_COMPILER_APPICON_NAME = AppIcon;
				ASSETCATALOG_COMPILER_LAUNCHIMAGE_NAME = LaunchImage;
				GCC_PRECOMPILE_PREFIX_HEADER = YES;
				GCC_PREFIX_HEADER = "VotingInformationProject/VotingInformationProject-Prefix.pch";
				INFOPLIST_FILE = "VotingInformationProject/VotingInformationProject-Info.plist";
				PRODUCT_NAME = VotingInformationProject;
				WRAPPER_EXTENSION = app;
			};
			name = Release;
		};
		53D3A7B91889A05B00920A70 /* Debug */ = {
			isa = XCBuildConfiguration;
			baseConfigurationReference = 2D641A22ED5044C8BE72A960 /* Pods-VotingInformationProjectTests.xcconfig */;
			buildSettings = {
				ARCHS = "$(ARCHS_STANDARD_INCLUDING_64_BIT)";
				BUNDLE_LOADER = "$(BUILT_PRODUCTS_DIR)/VotingInformationProject.app/VotingInformationProject";
				FRAMEWORK_SEARCH_PATHS = (
					"$(SDKROOT)/Developer/Library/Frameworks",
					"$(inherited)",
					"$(DEVELOPER_FRAMEWORKS_DIR)",
				);
				GCC_PRECOMPILE_PREFIX_HEADER = YES;
				GCC_PREFIX_HEADER = "VotingInformationProject/VotingInformationProject-Prefix.pch";
				GCC_PREPROCESSOR_DEFINITIONS = (
					"DEBUG=1",
					"$(inherited)",
				);
				INFOPLIST_FILE = "VotingInformationProjectTests/VotingInformationProjectTests-Info.plist";
				PRODUCT_NAME = VotingInformationProjectTests;
				TEST_HOST = "$(BUNDLE_LOADER)";
				WRAPPER_EXTENSION = xctest;
			};
			name = Debug;
		};
		53D3A7BA1889A05B00920A70 /* Release */ = {
			isa = XCBuildConfiguration;
			baseConfigurationReference = 2D641A22ED5044C8BE72A960 /* Pods-VotingInformationProjectTests.xcconfig */;
			buildSettings = {
				ARCHS = "$(ARCHS_STANDARD_INCLUDING_64_BIT)";
				BUNDLE_LOADER = "$(BUILT_PRODUCTS_DIR)/VotingInformationProject.app/VotingInformationProject";
				FRAMEWORK_SEARCH_PATHS = (
					"$(SDKROOT)/Developer/Library/Frameworks",
					"$(inherited)",
					"$(DEVELOPER_FRAMEWORKS_DIR)",
				);
				GCC_PRECOMPILE_PREFIX_HEADER = YES;
				GCC_PREFIX_HEADER = "VotingInformationProject/VotingInformationProject-Prefix.pch";
				INFOPLIST_FILE = "VotingInformationProjectTests/VotingInformationProjectTests-Info.plist";
				PRODUCT_NAME = VotingInformationProjectTests;
				TEST_HOST = "$(BUNDLE_LOADER)";
				WRAPPER_EXTENSION = xctest;
			};
			name = Release;
		};
/* End XCBuildConfiguration section */

/* Begin XCConfigurationList section */
		53D3A77E1889A05B00920A70 /* Build configuration list for PBXProject "VotingInformationProject" */ = {
			isa = XCConfigurationList;
			buildConfigurations = (
				53D3A7B31889A05B00920A70 /* Debug */,
				53D3A7B41889A05B00920A70 /* Release */,
			);
			defaultConfigurationIsVisible = 0;
			defaultConfigurationName = Release;
		};
		53D3A7B51889A05B00920A70 /* Build configuration list for PBXNativeTarget "VotingInformationProject" */ = {
			isa = XCConfigurationList;
			buildConfigurations = (
				53D3A7B61889A05B00920A70 /* Debug */,
				53D3A7B71889A05B00920A70 /* Release */,
			);
			defaultConfigurationIsVisible = 0;
			defaultConfigurationName = Release;
		};
		53D3A7B81889A05B00920A70 /* Build configuration list for PBXNativeTarget "VotingInformationProjectTests" */ = {
			isa = XCConfigurationList;
			buildConfigurations = (
				53D3A7B91889A05B00920A70 /* Debug */,
				53D3A7BA1889A05B00920A70 /* Release */,
			);
			defaultConfigurationIsVisible = 0;
			defaultConfigurationName = Release;
		};
/* End XCConfigurationList section */

/* Begin XCVersionGroup section */
		53D3A79A1889A05B00920A70 /* VotingInformationProject.xcdatamodeld */ = {
			isa = XCVersionGroup;
			children = (
				53D3A79B1889A05B00920A70 /* VotingInformationProject.xcdatamodel */,
			);
			currentVersion = 53D3A79B1889A05B00920A70 /* VotingInformationProject.xcdatamodel */;
			path = VotingInformationProject.xcdatamodeld;
			sourceTree = "<group>";
			versionGroupType = wrapper.xcdatamodel;
		};
/* End XCVersionGroup section */
	};
	rootObject = 53D3A77B1889A05B00920A70 /* Project object */;
}
