PODS:
  - AFNetworking (2.4.1):
    - AFNetworking/NSURLConnection
    - AFNetworking/NSURLSession
    - AFNetworking/Reachability
    - AFNetworking/Security
    - AFNetworking/Serialization
    - AFNetworking/UIKit
  - AFNetworking/NSURLConnection (2.4.1):
    - AFNetworking/Reachability
    - AFNetworking/Security
    - AFNetworking/Serialization
  - AFNetworking/NSURLSession (2.4.1):
    - AFNetworking/Reachability
    - AFNetworking/Security
    - AFNetworking/Serialization
  - AFNetworking/Reachability (2.4.1)
  - AFNetworking/Security (2.4.1)
  - AFNetworking/Serialization (2.4.1)
  - AFNetworking/UIKit (2.4.1):
    - AFNetworking/NSURLConnection
    - AFNetworking/NSURLSession
  - Google-Maps-iOS-SDK (1.8.1)
  - Kiwi (2.3.0)
  - libPhoneNumber-iOS (0.7.3)
  - MagicalRecord (2.2):
    - MagicalRecord/Core
  - MagicalRecord/Core (2.2)

DEPENDENCIES:
  - AFNetworking (~> 2.0)
  - Google-Maps-iOS-SDK (~> 1.6)
  - Kiwi
  - libPhoneNumber-iOS (~> 0.7)
  - MagicalRecord (~> 2.2)

SPEC CHECKSUMS:
  AFNetworking: 0aabc6fae66d6e5d039eeb21c315843c7aae51ab
  Google-Maps-iOS-SDK: 4fe35d952dbd1e4dacfcfa178e9cce2f06d67ecc
  Kiwi: 54bece5b35564d9b8e03c608d926f1a22fcfc589
  libPhoneNumber-iOS: 98fc07d70c8fdb5e6a8e3442c37e97353065c20e
  MagicalRecord: 2b471584fc9e3137f3d0a56967917baa4979e224

COCOAPODS: 0.34.1
